
Microsoft Visual Studio Solution File, Format Version 12.00
# Visual Studio Version 16
VisualStudioVersion = 16.0.31112.23
MinimumVisualStudioVersion = 10.0.40219.1
Project("{FAE04EC0-301F-11D3-BF4B-00C04F79EFBC}") = "Home Work №2  (Value type and Reference type)", "Home Work №2  (Value type and Reference type)\Home Work №2  (Value type and Reference type).csproj", "{91DC2123-1A66-47A5-BD52-B434740D8421}"
EndProject
Global
	GlobalSection(SolutionConfigurationPlatforms) = preSolution
		Debug|Any CPU = Debug|Any CPU
		Release|Any CPU = Release|Any CPU
	EndGlobalSection
	GlobalSection(ProjectConfigurationPlatforms) = postSolution
		{91DC2123-1A66-47A5-BD52-B434740D8421}.Debug|Any CPU.ActiveCfg = Debug|Any CPU
		{91DC2123-1A66-47A5-BD52-B434740D8421}.Debug|Any CPU.Build.0 = Debug|Any CPU
		{91DC2123-1A66-47A5-BD52-B434740D8421}.Release|Any CPU.ActiveCfg = Release|Any CPU
		{91DC2123-1A66-47A5-BD52-B434740D8421}.Release|Any CPU.Build.0 = Release|Any CPU
	EndGlobalSection
	GlobalSection(SolutionProperties) = preSolution
		HideSolutionNode = FALSE
	EndGlobalSection
	GlobalSection(ExtensibilityGlobals) = postSolution
		SolutionGuid = {AFC50AA4-5242-47F9-B783-C6CBAB8F8CF6}
	EndGlobalSection
EndGlobal
