
Microsoft Visual Studio Solution File, Format Version 12.00
# Visual Studio Version 16
VisualStudioVersion = 16.0.31112.23
MinimumVisualStudioVersion = 10.0.40219.1
Project("{FAE04EC0-301F-11D3-BF4B-00C04F79EFBC}") = "Homework №1 OOP", "Homework №1 OOP\Homework №1 OOP.csproj", "{B7474DBC-DC36-4F95-9841-739943CBA772}"
EndProject
Global
	GlobalSection(SolutionConfigurationPlatforms) = preSolution
		Debug|Any CPU = Debug|Any CPU
		Release|Any CPU = Release|Any CPU
	EndGlobalSection
	GlobalSection(ProjectConfigurationPlatforms) = postSolution
		{B7474DBC-DC36-4F95-9841-739943CBA772}.Debug|Any CPU.ActiveCfg = Debug|Any CPU
		{B7474DBC-DC36-4F95-9841-739943CBA772}.Debug|Any CPU.Build.0 = Debug|Any CPU
		{B7474DBC-DC36-4F95-9841-739943CBA772}.Release|Any CPU.ActiveCfg = Release|Any CPU
		{B7474DBC-DC36-4F95-9841-739943CBA772}.Release|Any CPU.Build.0 = Release|Any CPU
	EndGlobalSection
	GlobalSection(SolutionProperties) = preSolution
		HideSolutionNode = FALSE
	EndGlobalSection
	GlobalSection(ExtensibilityGlobals) = postSolution
		SolutionGuid = {78E8EE15-F09E-44A0-B827-E9DDABBD06AF}
	EndGlobalSection
EndGlobal
