
Microsoft Visual Studio Solution File, Format Version 12.00
# Visual Studio Version 16
VisualStudioVersion = 16.0.31613.86
MinimumVisualStudioVersion = 10.0.40219.1
Project("{FAE04EC0-301F-11D3-BF4B-00C04F79EFBC}") = "Home work №9.2 (method)", "Home work №9.2 (method)\Home work №9.2 (method).csproj", "{8B22AC1C-3200-4E0B-B705-19686285BF08}"
EndProject
Global
	GlobalSection(SolutionConfigurationPlatforms) = preSolution
		Debug|Any CPU = Debug|Any CPU
		Release|Any CPU = Release|Any CPU
	EndGlobalSection
	GlobalSection(ProjectConfigurationPlatforms) = postSolution
		{8B22AC1C-3200-4E0B-B705-19686285BF08}.Debug|Any CPU.ActiveCfg = Debug|Any CPU
		{8B22AC1C-3200-4E0B-B705-19686285BF08}.Debug|Any CPU.Build.0 = Debug|Any CPU
		{8B22AC1C-3200-4E0B-B705-19686285BF08}.Release|Any CPU.ActiveCfg = Release|Any CPU
		{8B22AC1C-3200-4E0B-B705-19686285BF08}.Release|Any CPU.Build.0 = Release|Any CPU
	EndGlobalSection
	GlobalSection(SolutionProperties) = preSolution
		HideSolutionNode = FALSE
	EndGlobalSection
	GlobalSection(ExtensibilityGlobals) = postSolution
		SolutionGuid = {EBC45101-AFAE-46B3-AA3E-ED680EAC786D}
	EndGlobalSection
EndGlobal
